# This file was autogenerated by Stack.
# You should not edit this file by hand.
# For more information, please see the documentation at:
#   https://docs.haskellstack.org/en/stable/lock_files

packages:
- completed:
    hackage: scalpel-0.6.0@sha256:4a7adbfa66c718a2821149282d5235be2818b16b743825f946c12422b488a1f3,1463
    pantry-tree:
      size: 405
      sha256: 22b85b7482fdd053ad9fb2613a9ec9300dbf32ac70fa52fcd4734270f56cd487
  original:
    hackage: scalpel-0.6.0
- completed:
    hackage: scalpel-core-0.6.0@sha256:3ea38c73456e31e776c9b3b77a0630bc1830bfcb4a4737a3db4dfd606c093992,2395
    pantry-tree:
      size: 961
      sha256: c0e84f2f9ccf450f3f10036c6f24aff4ab9c0db4e7b50a22a08778b161d2958a
  original:
    hackage: scalpel-core-0.6.0
snapshots:
- completed:
    size: 499889
    url: https://raw.githubusercontent.com/commercialhaskell/stackage-snapshots/master/lts/13/26.yaml
    sha256: ecb02ee16829df8d7219e7d7fe6c310819820bf335b0b9534bce84d3ea896684
  original: lts-13.26
